// !$*UTF8*$!
{
	archiveVersion = 1;
	classes = {
	};
	objectVersion = 50;
	objects = {

/* Begin PBXBuildFile section */
		B9C2871622396E34008B4363 /* AppDelegate.swift in Sources */ = {isa = PBXBuildFile; fileRef = B9C2871522396E34008B4363 /* AppDelegate.swift */; };
		B9C2871B22396E34008B4363 /* Main.storyboard in Resources */ = {isa = PBXBuildFile; fileRef = B9C2871922396E34008B4363 /* Main.storyboard */; };
		B9C2871E22396E34008B4363 /* PlaylistCoreData.xcdatamodeld in Sources */ = {isa = PBXBuildFile; fileRef = B9C2871C22396E34008B4363 /* PlaylistCoreData.xcdatamodeld */; };
		B9C2872022396E36008B4363 /* Assets.xcassets in Resources */ = {isa = PBXBuildFile; fileRef = B9C2871F22396E36008B4363 /* Assets.xcassets */; };
		B9C2872322396E36008B4363 /* LaunchScreen.storyboard in Resources */ = {isa = PBXBuildFile; fileRef = B9C2872122396E36008B4363 /* LaunchScreen.storyboard */; };
		B9C2872F2239722E008B4363 /* CoreDataStack.swift in Sources */ = {isa = PBXBuildFile; fileRef = B9C2872E2239722E008B4363 /* CoreDataStack.swift */; };
		B9C2873122397723008B4363 /* Song+Convenience.swift in Sources */ = {isa = PBXBuildFile; fileRef = B9C2873022397723008B4363 /* Song+Convenience.swift */; };
		B9C2873322397996008B4363 /* Playlist+Convenience.swift in Sources */ = {isa = PBXBuildFile; fileRef = B9C2873222397996008B4363 /* Playlist+Convenience.swift */; };
		B9C2873522397C84008B4363 /* SongController.swift in Sources */ = {isa = PBXBuildFile; fileRef = B9C2873422397C84008B4363 /* SongController.swift */; };
		B9C2873722397D07008B4363 /* PlaylistController.swift in Sources */ = {isa = PBXBuildFile; fileRef = B9C2873622397D07008B4363 /* PlaylistController.swift */; };
/* End PBXBuildFile section */

/* Begin PBXFileReference section */
		B9C2871222396E34008B4363 /* PlaylistCoreData.app */ = {isa = PBXFileReference; explicitFileType = wrapper.application; includeInIndex = 0; path = PlaylistCoreData.app; sourceTree = BUILT_PRODUCTS_DIR; };
		B9C2871522396E34008B4363 /* AppDelegate.swift */ = {isa = PBXFileReference; lastKnownFileType = sourcecode.swift; path = AppDelegate.swift; sourceTree = "<group>"; };
		B9C2871A22396E34008B4363 /* Base */ = {isa = PBXFileReference; lastKnownFileType = file.storyboard; name = Base; path = Base.lproj/Main.storyboard; sourceTree = "<group>"; };
		B9C2871D22396E34008B4363 /* PlaylistCoreData.xcdatamodel */ = {isa = PBXFileReference; lastKnownFileType = wrapper.xcdatamodel; path = PlaylistCoreData.xcdatamodel; sourceTree = "<group>"; };
		B9C2871F22396E36008B4363 /* Assets.xcassets */ = {isa = PBXFileReference; lastKnownFileType = folder.assetcatalog; path = Assets.xcassets; sourceTree = "<group>"; };
		B9C2872222396E36008B4363 /* Base */ = {isa = PBXFileReference; lastKnownFileType = file.storyboard; name = Base; path = Base.lproj/LaunchScreen.storyboard; sourceTree = "<group>"; };
		B9C2872422396E36008B4363 /* Info.plist */ = {isa = PBXFileReference; lastKnownFileType = text.plist.xml; path = Info.plist; sourceTree = "<group>"; };
		B9C2872E2239722E008B4363 /* CoreDataStack.swift */ = {isa = PBXFileReference; lastKnownFileType = sourcecode.swift; path = CoreDataStack.swift; sourceTree = "<group>"; };
		B9C2873022397723008B4363 /* Song+Convenience.swift */ = {isa = PBXFileReference; lastKnownFileType = sourcecode.swift; path = "Song+Convenience.swift"; sourceTree = "<group>"; };
		B9C2873222397996008B4363 /* Playlist+Convenience.swift */ = {isa = PBXFileReference; lastKnownFileType = sourcecode.swift; path = "Playlist+Convenience.swift"; sourceTree = "<group>"; };
		B9C2873422397C84008B4363 /* SongController.swift */ = {isa = PBXFileReference; lastKnownFileType = sourcecode.swift; path = SongController.swift; sourceTree = "<group>"; };
		B9C2873622397D07008B4363 /* PlaylistController.swift */ = {isa = PBXFileReference; lastKnownFileType = sourcecode.swift; path = PlaylistController.swift; sourceTree = "<group>"; };
/* End PBXFileReference section */

/* Begin PBXFrameworksBuildPhase section */
		B9C2870F22396E33008B4363 /* Frameworks */ = {
			isa = PBXFrameworksBuildPhase;
			buildActionMask = 2147483647;
			files = (
			);
			runOnlyForDeploymentPostprocessing = 0;
		};
/* End PBXFrameworksBuildPhase section */

/* Begin PBXGroup section */
		B9C2870922396E33008B4363 = {
			isa = PBXGroup;
			children = (
				B9C2871422396E34008B4363 /* PlaylistCoreData */,
			);
			sourceTree = "<group>";
		};
		B9C2871322396E34008B4363 /* Products */ = {
			isa = PBXGroup;
			children = (
				B9C2871222396E34008B4363 /* PlaylistCoreData.app */,
			);
			name = Products;
			path = ..;
			sourceTree = "<group>";
		};
		B9C2871422396E34008B4363 /* PlaylistCoreData */ = {
			isa = PBXGroup;
			children = (
				B9C2872D22396F84008B4363 /* Models */,
				B9C2872C22396F7E008B4363 /* Views */,
				B9C2872B22396F7C008B4363 /* Controllers */,
				B9C2872A22396F78008B4363 /* Resources */,
				B9C2871322396E34008B4363 /* Products */,
			);
			path = PlaylistCoreData;
			sourceTree = "<group>";
		};
		B9C2872A22396F78008B4363 /* Resources */ = {
			isa = PBXGroup;
			children = (
				B9C2871522396E34008B4363 /* AppDelegate.swift */,
				B9C2871F22396E36008B4363 /* Assets.xcassets */,
				B9C2872122396E36008B4363 /* LaunchScreen.storyboard */,
				B9C2872422396E36008B4363 /* Info.plist */,
			);
			path = Resources;
			sourceTree = "<group>";
		};
		B9C2872B22396F7C008B4363 /* Controllers */ = {
			isa = PBXGroup;
			children = (
				B9C2873422397C84008B4363 /* SongController.swift */,
				B9C2873622397D07008B4363 /* PlaylistController.swift */,
			);
			path = Controllers;
			sourceTree = "<group>";
		};
		B9C2872C22396F7E008B4363 /* Views */ = {
			isa = PBXGroup;
			children = (
				B9C2871922396E34008B4363 /* Main.storyboard */,
			);
			path = Views;
			sourceTree = "<group>";
		};
		B9C2872D22396F84008B4363 /* Models */ = {
			isa = PBXGroup;
			children = (
				B9C2871C22396E34008B4363 /* PlaylistCoreData.xcdatamodeld */,
				B9C2872E2239722E008B4363 /* CoreDataStack.swift */,
				B9C2873022397723008B4363 /* Song+Convenience.swift */,
				B9C2873222397996008B4363 /* Playlist+Convenience.swift */,
			);
			path = Models;
			sourceTree = "<group>";
		};
/* End PBXGroup section */

/* Begin PBXNativeTarget section */
		B9C2871122396E33008B4363 /* PlaylistCoreData */ = {
			isa = PBXNativeTarget;
			buildConfigurationList = B9C2872722396E36008B4363 /* Build configuration list for PBXNativeTarget "PlaylistCoreData" */;
			buildPhases = (
				B9C2870E22396E33008B4363 /* Sources */,
				B9C2870F22396E33008B4363 /* Frameworks */,
				B9C2871022396E33008B4363 /* Resources */,
			);
			buildRules = (
			);
			dependencies = (
			);
			name = PlaylistCoreData;
			productName = PlaylistCoreData;
			productReference = B9C2871222396E34008B4363 /* PlaylistCoreData.app */;
			productType = "com.apple.product-type.application";
		};
/* End PBXNativeTarget section */

/* Begin PBXProject section */
		B9C2870A22396E33008B4363 /* Project object */ = {
			isa = PBXProject;
			attributes = {
				LastSwiftUpdateCheck = 1010;
				LastUpgradeCheck = 1010;
				ORGANIZATIONNAME = Launch;
				TargetAttributes = {
					B9C2871122396E33008B4363 = {
						CreatedOnToolsVersion = 10.1;
					};
				};
			};
			buildConfigurationList = B9C2870D22396E33008B4363 /* Build configuration list for PBXProject "PlaylistCoreData" */;
			compatibilityVersion = "Xcode 9.3";
			developmentRegion = en;
			hasScannedForEncodings = 0;
			knownRegions = (
				en,
				Base,
			);
			mainGroup = B9C2870922396E33008B4363;
			productRefGroup = B9C2871322396E34008B4363 /* Products */;
			projectDirPath = "";
			projectRoot = "";
			targets = (
				B9C2871122396E33008B4363 /* PlaylistCoreData */,
			);
		};
/* End PBXProject section */

/* Begin PBXResourcesBuildPhase section */
		B9C2871022396E33008B4363 /* Resources */ = {
			isa = PBXResourcesBuildPhase;
			buildActionMask = 2147483647;
			files = (
				B9C2872322396E36008B4363 /* LaunchScreen.storyboard in Resources */,
				B9C2872022396E36008B4363 /* Assets.xcassets in Resources */,
				B9C2871B22396E34008B4363 /* Main.storyboard in Resources */,
			);
			runOnlyForDeploymentPostprocessing = 0;
		};
/* End PBXResourcesBuildPhase section */

/* Begin PBXSourcesBuildPhase section */
		B9C2870E22396E33008B4363 /* Sources */ = {
			isa = PBXSourcesBuildPhase;
			buildActionMask = 2147483647;
			files = (
				B9C2873522397C84008B4363 /* SongController.swift in Sources */,
				B9C2873122397723008B4363 /* Song+Convenience.swift in Sources */,
				B9C2871622396E34008B4363 /* AppDelegate.swift in Sources */,
				B9C2871E22396E34008B4363 /* PlaylistCoreData.xcdatamodeld in Sources */,
				B9C2872F2239722E008B4363 /* CoreDataStack.swift in Sources */,
				B9C2873322397996008B4363 /* Playlist+Convenience.swift in Sources */,
				B9C2873722397D07008B4363 /* PlaylistController.swift in Sources */,
			);
			runOnlyForDeploymentPostprocessing = 0;
		};
/* End PBXSourcesBuildPhase section */

/* Begin PBXVariantGroup section */
		B9C2871922396E34008B4363 /* Main.storyboard */ = {
			isa = PBXVariantGroup;
			children = (
				B9C2871A22396E34008B4363 /* Base */,
			);
			name = Main.storyboard;
			sourceTree = "<group>";
		};
		B9C2872122396E36008B4363 /* LaunchScreen.storyboard */ = {
			isa = PBXVariantGroup;
			children = (
				B9C2872222396E36008B4363 /* Base */,
			);
			name = LaunchScreen.storyboard;
			sourceTree = "<group>";
		};
/* End PBXVariantGroup section */

/* Begin XCBuildConfiguration section */
		B9C2872522396E36008B4363 /* Debug */ = {
			isa = XCBuildConfiguration;
			buildSettings = {
				ALWAYS_SEARCH_USER_PATHS = NO;
				CLANG_ANALYZER_NONNULL = YES;
				CLANG_ANALYZER_NUMBER_OBJECT_CONVERSION = YES_AGGRESSIVE;
				CLANG_CXX_LANGUAGE_STANDARD = "gnu++14";
				CLANG_CXX_LIBRARY = "libc++";
				CLANG_ENABLE_MODULES = YES;
				CLANG_ENABLE_OBJC_ARC = YES;
				CLANG_ENABLE_OBJC_WEAK = YES;
				CLANG_WARN_BLOCK_CAPTURE_AUTORELEASING = YES;
				CLANG_WARN_BOOL_CONVERSION = YES;
				CLANG_WARN_COMMA = YES;
				CLANG_WARN_CONSTANT_CONVERSION = YES;
				CLANG_WARN_DEPRECATED_OBJC_IMPLEMENTATIONS = YES;
				CLANG_WARN_DIRECT_OBJC_ISA_USAGE = YES_ERROR;
				CLANG_WARN_DOCUMENTATION_COMMENTS = YES;
				CLANG_WARN_EMPTY_BODY = YES;
				CLANG_WARN_ENUM_CONVERSION = YES;
				CLANG_WARN_INFINITE_RECURSION = YES;
				CLANG_WARN_INT_CONVERSION = YES;
				CLANG_WARN_NON_LITERAL_NULL_CONVERSION = YES;
				CLANG_WARN_OBJC_IMPLICIT_RETAIN_SELF = YES;
				CLANG_WARN_OBJC_LITERAL_CONVERSION = YES;
				CLANG_WARN_OBJC_ROOT_CLASS = YES_ERROR;
				CLANG_WARN_RANGE_LOOP_ANALYSIS = YES;
				CLANG_WARN_STRICT_PROTOTYPES = YES;
				CLANG_WARN_SUSPICIOUS_MOVE = YES;
				CLANG_WARN_UNGUARDED_AVAILABILITY = YES_AGGRESSIVE;
				CLANG_WARN_UNREACHABLE_CODE = YES;
				CLANG_WARN__DUPLICATE_METHOD_MATCH = YES;
				CODE_SIGN_IDENTITY = "iPhone Developer";
				COPY_PHASE_STRIP = NO;
				DEBUG_INFORMATION_FORMAT = dwarf;
				ENABLE_STRICT_OBJC_MSGSEND = YES;
				ENABLE_TESTABILITY = YES;
				GCC_C_LANGUAGE_STANDARD = gnu11;
				GCC_DYNAMIC_NO_PIC = NO;
				GCC_NO_COMMON_BLOCKS = YES;
				GCC_OPTIMIZATION_LEVEL = 0;
				GCC_PREPROCESSOR_DEFINITIONS = (
					"DEBUG=1",
					"$(inherited)",
				);
				GCC_WARN_64_TO_32_BIT_CONVERSION = YES;
				GCC_WARN_ABOUT_RETURN_TYPE = YES_ERROR;
				GCC_WARN_UNDECLARED_SELECTOR = YES;
				GCC_WARN_UNINITIALIZED_AUTOS = YES_AGGRESSIVE;
				GCC_WARN_UNUSED_FUNCTION = YES;
				GCC_WARN_UNUSED_VARIABLE = YES;
				IPHONEOS_DEPLOYMENT_TARGET = 12.1;
				MTL_ENABLE_DEBUG_INFO = INCLUDE_SOURCE;
				MTL_FAST_MATH = YES;
				ONLY_ACTIVE_ARCH = YES;
				SDKROOT = iphoneos;
				SWIFT_ACTIVE_COMPILATION_CONDITIONS = DEBUG;
				SWIFT_OPTIMIZATION_LEVEL = "-Onone";
			};
			name = Debug;
		};
		B9C2872622396E36008B4363 /* Release */ = {
			isa = XCBuildConfiguration;
			buildSettings = {
				ALWAYS_SEARCH_USER_PATHS = NO;
				CLANG_ANALYZER_NONNULL = YES;
				CLANG_ANALYZER_NUMBER_OBJECT_CONVERSION = YES_AGGRESSIVE;
				CLANG_CXX_LANGUAGE_STANDARD = "gnu++14";
				CLANG_CXX_LIBRARY = "libc++";
				CLANG_ENABLE_MODULES = YES;
				CLANG_ENABLE_OBJC_ARC = YES;
				CLANG_ENABLE_OBJC_WEAK = YES;
				CLANG_WARN_BLOCK_CAPTURE_AUTORELEASING = YES;
				CLANG_WARN_BOOL_CONVERSION = YES;
				CLANG_WARN_COMMA = YES;
				CLANG_WARN_CONSTANT_CONVERSION = YES;
				CLANG_WARN_DEPRECATED_OBJC_IMPLEMENTATIONS = YES;
				CLANG_WARN_DIRECT_OBJC_ISA_USAGE = YES_ERROR;
				CLANG_WARN_DOCUMENTATION_COMMENTS = YES;
				CLANG_WARN_EMPTY_BODY = YES;
				CLANG_WARN_ENUM_CONVERSION = YES;
				CLANG_WARN_INFINITE_RECURSION = YES;
				CLANG_WARN_INT_CONVERSION = YES;
				CLANG_WARN_NON_LITERAL_NULL_CONVERSION = YES;
				CLANG_WARN_OBJC_IMPLICIT_RETAIN_SELF = YES;
				CLANG_WARN_OBJC_LITERAL_CONVERSION = YES;
				CLANG_WARN_OBJC_ROOT_CLASS = YES_ERROR;
				CLANG_WARN_RANGE_LOOP_ANALYSIS = YES;
				CLANG_WARN_STRICT_PROTOTYPES = YES;
				CLANG_WARN_SUSPICIOUS_MOVE = YES;
				CLANG_WARN_UNGUARDED_AVAILABILITY = YES_AGGRESSIVE;
				CLANG_WARN_UNREACHABLE_CODE = YES;
				CLANG_WARN__DUPLICATE_METHOD_MATCH = YES;
				CODE_SIGN_IDENTITY = "iPhone Developer";
				COPY_PHASE_STRIP = NO;
				DEBUG_INFORMATION_FORMAT = "dwarf-with-dsym";
				ENABLE_NS_ASSERTIONS = NO;
				ENABLE_STRICT_OBJC_MSGSEND = YES;
				GCC_C_LANGUAGE_STANDARD = gnu11;
				GCC_NO_COMMON_BLOCKS = YES;
				GCC_WARN_64_TO_32_BIT_CONVERSION = YES;
				GCC_WARN_ABOUT_RETURN_TYPE = YES_ERROR;
				GCC_WARN_UNDECLARED_SELECTOR = YES;
				GCC_WARN_UNINITIALIZED_AUTOS = YES_AGGRESSIVE;
				GCC_WARN_UNUSED_FUNCTION = YES;
				GCC_WARN_UNUSED_VARIABLE = YES;
				IPHONEOS_DEPLOYMENT_TARGET = 12.1;
				MTL_ENABLE_DEBUG_INFO = NO;
				MTL_FAST_MATH = YES;
				SDKROOT = iphoneos;
				SWIFT_COMPILATION_MODE = wholemodule;
				SWIFT_OPTIMIZATION_LEVEL = "-O";
				VALIDATE_PRODUCT = YES;
			};
			name = Release;
		};
		B9C2872822396E36008B4363 /* Debug */ = {
			isa = XCBuildConfiguration;
			buildSettings = {
				ASSETCATALOG_COMPILER_APPICON_NAME = AppIcon;
				CODE_SIGN_STYLE = Automatic;
				DEVELOPMENT_TEAM = Q7U6J583A3;
				INFOPLIST_FILE = "$(SRCROOT)/Resources/Info.plist";
				LD_RUNPATH_SEARCH_PATHS = (
					"$(inherited)",
					"@executable_path/Frameworks",
				);
				PRODUCT_BUNDLE_IDENTIFIER = com.launch.PlaylistCoreData;
				PRODUCT_NAME = "$(TARGET_NAME)";
				SWIFT_VERSION = 4.2;
				TARGETED_DEVICE_FAMILY = "1,2";
			};
			name = Debug;
		};
		B9C2872922396E36008B4363 /* Release */ = {
			isa = XCBuildConfiguration;
			buildSettings = {
				ASSETCATALOG_COMPILER_APPICON_NAME = AppIcon;
				CODE_SIGN_STYLE = Automatic;
				DEVELOPMENT_TEAM = Q7U6J583A3;
				INFOPLIST_FILE = "$(SRCROOT)/Resources/Info.plist";
				LD_RUNPATH_SEARCH_PATHS = (
					"$(inherited)",
					"@executable_path/Frameworks",
				);
				PRODUCT_BUNDLE_IDENTIFIER = com.launch.PlaylistCoreData;
				PRODUCT_NAME = "$(TARGET_NAME)";
				SWIFT_VERSION = 4.2;
				TARGETED_DEVICE_FAMILY = "1,2";
			};
			name = Release;
		};
/* End XCBuildConfiguration section */

/* Begin XCConfigurationList section */
		B9C2870D22396E33008B4363 /* Build configuration list for PBXProject "PlaylistCoreData" */ = {
			isa = XCConfigurationList;
			buildConfigurations = (
				B9C2872522396E36008B4363 /* Debug */,
				B9C2872622396E36008B4363 /* Release */,
			);
			defaultConfigurationIsVisible = 0;
			defaultConfigurationName = Release;
		};
		B9C2872722396E36008B4363 /* Build configuration list for PBXNativeTarget "PlaylistCoreData" */ = {
			isa = XCConfigurationList;
			buildConfigurations = (
				B9C2872822396E36008B4363 /* Debug */,
				B9C2872922396E36008B4363 /* Release */,
			);
			defaultConfigurationIsVisible = 0;
			defaultConfigurationName = Release;
		};
/* End XCConfigurationList section */

/* Begin XCVersionGroup section */
		B9C2871C22396E34008B4363 /* PlaylistCoreData.xcdatamodeld */ = {
			isa = XCVersionGroup;
			children = (
				B9C2871D22396E34008B4363 /* PlaylistCoreData.xcdatamodel */,
			);
			currentVersion = B9C2871D22396E34008B4363 /* PlaylistCoreData.xcdatamodel */;
			path = PlaylistCoreData.xcdatamodeld;
			sourceTree = "<group>";
			versionGroupType = wrapper.xcdatamodel;
		};
/* End XCVersionGroup section */
	};
	rootObject = B9C2870A22396E33008B4363 /* Project object */;
}
